
Microsoft Visual Studio Solution File, Format Version 12.00
# Visual Studio Version 16
VisualStudioVersion = 16.0.30907.101
MinimumVisualStudioVersion = 10.0.40219.1
Project("{FAE04EC0-301F-11D3-BF4B-00C04F79EFBC}") = "QuantumCryptoCram.Common", "QuantumCryptoCram.Common.csproj", "{DB696C3D-AB12-4932-AAC0-795E429C85ED}"
EndProject
Global
	GlobalSection(SolutionConfigurationPlatforms) = preSolution
		Debug|Any CPU = Debug|Any CPU
		Release|Any CPU = Release|Any CPU
	EndGlobalSection
	GlobalSection(ProjectConfigurationPlatforms) = postSolution
		{DB696C3D-AB12-4932-AAC0-795E429C85ED}.Debug|Any CPU.ActiveCfg = Debug|Any CPU
		{DB696C3D-AB12-4932-AAC0-795E429C85ED}.Debug|Any CPU.Build.0 = Debug|Any CPU
		{DB696C3D-AB12-4932-AAC0-795E429C85ED}.Release|Any CPU.ActiveCfg = Release|Any CPU
		{DB696C3D-AB12-4932-AAC0-795E429C85ED}.Release|Any CPU.Build.0 = Release|Any CPU
	EndGlobalSection
	GlobalSection(SolutionProperties) = preSolution
		HideSolutionNode = FALSE
	EndGlobalSection
	GlobalSection(ExtensibilityGlobals) = postSolution
		SolutionGuid = {B1F54B2B-8098-4CED-B47C-A00742EAC662}
	EndGlobalSection
EndGlobal
